{
  "name": "winax1",
  "version": "3.4.1",
  "lockfileVersion": 2,
  "requires": true,
  "packages": {
    "": {
      "name": "winax1",
      "version": "3.4.1",
      "license": "MIT",
      "os": [
        "win32"
      ],
      "dependencies": {
        "winax": "^3.4.1"
      },
      "bin": {
        "nodewscript": "NodeWScript.js"
      },
      "devDependencies": {},
      "engines": {
        "node": ">= 10.0.0"
      }
    },
    "node_modules/winax": {
      "version": "3.4.1",
      "resolved": "https://registry.npmjs.org/winax/-/winax-3.4.1.tgz",
      "integrity": "sha512-dGqToiAp/Q1litHqMNV/Fe2NOHbdzSxXalrlMeB6YiPnFuyjdSQ5bX7O6ON5jBLgvE96B5+j+l/wFPy06r8FiA==",
      "hasInstallScript": true,
      "os": [
        "win32"
      ],
      "bin": {
        "nodewscript": "NodeWScript.js"
      },
      "engines": {
        "node": ">= 10.0.0"
      }
    }
  },
  "dependencies": {
    "winax": {
      "version": "3.4.1",
      "resolved": "https://registry.npmjs.org/winax/-/winax-3.4.1.tgz",
      "integrity": "sha512-dGqToiAp/Q1litHqMNV/Fe2NOHbdzSxXalrlMeB6YiPnFuyjdSQ5bX7O6ON5jBLgvE96B5+j+l/wFPy06r8FiA=="
    }
  }
}
